// !$*UTF8*$!
{
	archiveVersion = 1;
	classes = {
	};
	objectVersion = 46;
	objects = {

/* Begin PBXBuildFile section */
		4F0CB24E1F0A451500E3AEF2 /* StringExtension.swift in Sources */ = {isa = PBXBuildFile; fileRef = 4F0CB24D1F0A451500E3AEF2 /* StringExtension.swift */; };
		4F8908961F04DC0600F838FB /* AppDelegate.swift in Sources */ = {isa = PBXBuildFile; fileRef = 4F8908951F04DC0600F838FB /* AppDelegate.swift */; };
		4F8908981F04DC0600F838FB /* ViewController.swift in Sources */ = {isa = PBXBuildFile; fileRef = 4F8908971F04DC0600F838FB /* ViewController.swift */; };
		4F89089B1F04DC0600F838FB /* Main.storyboard in Resources */ = {isa = PBXBuildFile; fileRef = 4F8908991F04DC0600F838FB /* Main.storyboard */; };
		4F89089D1F04DC0600F838FB /* Assets.xcassets in Resources */ = {isa = PBXBuildFile; fileRef = 4F89089C1F04DC0600F838FB /* Assets.xcassets */; };
		4F8908A01F04DC0600F838FB /* LaunchScreen.storyboard in Resources */ = {isa = PBXBuildFile; fileRef = 4F89089E1F04DC0600F838FB /* LaunchScreen.storyboard */; };
		4F8908AB1F04DC0600F838FB /* FlickrSlideTests.swift in Sources */ = {isa = PBXBuildFile; fileRef = 4F8908AA1F04DC0600F838FB /* FlickrSlideTests.swift */; };
		4F8908B61F04DC0600F838FB /* FlickrSlideUITests.swift in Sources */ = {isa = PBXBuildFile; fileRef = 4F8908B51F04DC0600F838FB /* FlickrSlideUITests.swift */; };
		4FC740301F04E65E001121DA /* RequestHelper.swift in Sources */ = {isa = PBXBuildFile; fileRef = 4FC7402F1F04E65E001121DA /* RequestHelper.swift */; };
		4FC740351F0643FC001121DA /* CustomButton.swift in Sources */ = {isa = PBXBuildFile; fileRef = 4FC740341F0643FC001121DA /* CustomButton.swift */; };
		4FC740371F064A94001121DA /* SliderSetting.swift in Sources */ = {isa = PBXBuildFile; fileRef = 4FC740361F064A94001121DA /* SliderSetting.swift */; };
		4FC7403E1F064BD9001121DA /* SFText-Heavy.otf in Resources */ = {isa = PBXBuildFile; fileRef = 4FC7403C1F064BD9001121DA /* SFText-Heavy.otf */; };
		4FC7403F1F064BD9001121DA /* SFText-Regular.otf in Resources */ = {isa = PBXBuildFile; fileRef = 4FC7403D1F064BD9001121DA /* SFText-Regular.otf */; };
		4FC740411F064C18001121DA /* CustomLabel.swift in Sources */ = {isa = PBXBuildFile; fileRef = 4FC740401F064C18001121DA /* CustomLabel.swift */; };
		4FC740481F0A3145001121DA /* DateHelper.swift in Sources */ = {isa = PBXBuildFile; fileRef = 4FC740471F0A3145001121DA /* DateHelper.swift */; };
		9AAC9134B8B9DF85DD1AAA4F /* Pods_FlickrSlide.framework in Frameworks */ = {isa = PBXBuildFile; fileRef = B5DD6981FE4BA326BCBF7039 /* Pods_FlickrSlide.framework */; };
		C42E656F127B9B6E953E64C5 /* Pods_FlickrSlide_FlickrSlideTests.framework in Frameworks */ = {isa = PBXBuildFile; fileRef = 37FD58BBE6F624DC035B7886 /* Pods_FlickrSlide_FlickrSlideTests.framework */; };
/* End PBXBuildFile section */

/* Begin PBXContainerItemProxy section */
		4F8908A71F04DC0600F838FB /* PBXContainerItemProxy */ = {
			isa = PBXContainerItemProxy;
			containerPortal = 4F89088A1F04DC0600F838FB /* Project object */;
			proxyType = 1;
			remoteGlobalIDString = 4F8908911F04DC0600F838FB;
			remoteInfo = FlickrSlide;
		};
		4F8908B21F04DC0600F838FB /* PBXContainerItemProxy */ = {
			isa = PBXContainerItemProxy;
			containerPortal = 4F89088A1F04DC0600F838FB /* Project object */;
			proxyType = 1;
			remoteGlobalIDString = 4F8908911F04DC0600F838FB;
			remoteInfo = FlickrSlide;
		};
/* End PBXContainerItemProxy section */

/* Begin PBXFileReference section */
		06B9B7BB130F7DFA53733B82 /* Pods-FlickrSlide-FlickrSlideTests.debug.xcconfig */ = {isa = PBXFileReference; includeInIndex = 1; lastKnownFileType = text.xcconfig; name = "Pods-FlickrSlide-FlickrSlideTests.debug.xcconfig"; path = "Pods/Target Support Files/Pods-FlickrSlide-FlickrSlideTests/Pods-FlickrSlide-FlickrSlideTests.debug.xcconfig"; sourceTree = "<group>"; };
		37FD58BBE6F624DC035B7886 /* Pods_FlickrSlide_FlickrSlideTests.framework */ = {isa = PBXFileReference; explicitFileType = wrapper.framework; includeInIndex = 0; path = Pods_FlickrSlide_FlickrSlideTests.framework; sourceTree = BUILT_PRODUCTS_DIR; };
		4F0CB24D1F0A451500E3AEF2 /* StringExtension.swift */ = {isa = PBXFileReference; fileEncoding = 4; lastKnownFileType = sourcecode.swift; name = StringExtension.swift; path = Common/Extension/StringExtension.swift; sourceTree = "<group>"; };
		4F8908921F04DC0600F838FB /* FlickrSlide.app */ = {isa = PBXFileReference; explicitFileType = wrapper.application; includeInIndex = 0; path = FlickrSlide.app; sourceTree = BUILT_PRODUCTS_DIR; };
		4F8908951F04DC0600F838FB /* AppDelegate.swift */ = {isa = PBXFileReference; lastKnownFileType = sourcecode.swift; path = AppDelegate.swift; sourceTree = "<group>"; };
		4F8908971F04DC0600F838FB /* ViewController.swift */ = {isa = PBXFileReference; lastKnownFileType = sourcecode.swift; path = ViewController.swift; sourceTree = "<group>"; };
		4F89089A1F04DC0600F838FB /* Base */ = {isa = PBXFileReference; lastKnownFileType = file.storyboard; name = Base; path = Base.lproj/Main.storyboard; sourceTree = "<group>"; };
		4F89089C1F04DC0600F838FB /* Assets.xcassets */ = {isa = PBXFileReference; lastKnownFileType = folder.assetcatalog; path = Assets.xcassets; sourceTree = "<group>"; };
		4F89089F1F04DC0600F838FB /* Base */ = {isa = PBXFileReference; lastKnownFileType = file.storyboard; name = Base; path = Base.lproj/LaunchScreen.storyboard; sourceTree = "<group>"; };
		4F8908A11F04DC0600F838FB /* Info.plist */ = {isa = PBXFileReference; lastKnownFileType = text.plist.xml; path = Info.plist; sourceTree = "<group>"; };
		4F8908A61F04DC0600F838FB /* FlickrSlideTests.xctest */ = {isa = PBXFileReference; explicitFileType = wrapper.cfbundle; includeInIndex = 0; path = FlickrSlideTests.xctest; sourceTree = BUILT_PRODUCTS_DIR; };
		4F8908AA1F04DC0600F838FB /* FlickrSlideTests.swift */ = {isa = PBXFileReference; lastKnownFileType = sourcecode.swift; path = FlickrSlideTests.swift; sourceTree = "<group>"; };
		4F8908AC1F04DC0600F838FB /* Info.plist */ = {isa = PBXFileReference; lastKnownFileType = text.plist.xml; path = Info.plist; sourceTree = "<group>"; };
		4F8908B11F04DC0600F838FB /* FlickrSlideUITests.xctest */ = {isa = PBXFileReference; explicitFileType = wrapper.cfbundle; includeInIndex = 0; path = FlickrSlideUITests.xctest; sourceTree = BUILT_PRODUCTS_DIR; };
		4F8908B51F04DC0600F838FB /* FlickrSlideUITests.swift */ = {isa = PBXFileReference; lastKnownFileType = sourcecode.swift; path = FlickrSlideUITests.swift; sourceTree = "<group>"; };
		4F8908B71F04DC0600F838FB /* Info.plist */ = {isa = PBXFileReference; lastKnownFileType = text.plist.xml; path = Info.plist; sourceTree = "<group>"; };
		4FC7402F1F04E65E001121DA /* RequestHelper.swift */ = {isa = PBXFileReference; fileEncoding = 4; lastKnownFileType = sourcecode.swift; name = RequestHelper.swift; path = Helper/RequestHelper.swift; sourceTree = "<group>"; };
		4FC740341F0643FC001121DA /* CustomButton.swift */ = {isa = PBXFileReference; fileEncoding = 4; lastKnownFileType = sourcecode.swift; name = CustomButton.swift; path = Common/CustomController/CustomButton.swift; sourceTree = "<group>"; };
		4FC740361F064A94001121DA /* SliderSetting.swift */ = {isa = PBXFileReference; fileEncoding = 4; lastKnownFileType = sourcecode.swift; name = SliderSetting.swift; path = SliderGroup/SliderSetting.swift; sourceTree = "<group>"; };
		4FC7403C1F064BD9001121DA /* SFText-Heavy.otf */ = {isa = PBXFileReference; lastKnownFileType = file; name = "SFText-Heavy.otf"; path = "Resources/Font/SFText-Heavy.otf"; sourceTree = "<group>"; };
		4FC7403D1F064BD9001121DA /* SFText-Regular.otf */ = {isa = PBXFileReference; lastKnownFileType = file; name = "SFText-Regular.otf"; path = "Resources/Font/SFText-Regular.otf"; sourceTree = "<group>"; };
		4FC740401F064C18001121DA /* CustomLabel.swift */ = {isa = PBXFileReference; fileEncoding = 4; lastKnownFileType = sourcecode.swift; name = CustomLabel.swift; path = Common/CustomController/CustomLabel.swift; sourceTree = "<group>"; };
		4FC740471F0A3145001121DA /* DateHelper.swift */ = {isa = PBXFileReference; fileEncoding = 4; lastKnownFileType = sourcecode.swift; name = DateHelper.swift; path = Helper/DateHelper.swift; sourceTree = "<group>"; };
		8F994A68A33A697739AD56A7 /* Pods-FlickrSlide-FlickrSlideTests.release.xcconfig */ = {isa = PBXFileReference; includeInIndex = 1; lastKnownFileType = text.xcconfig; name = "Pods-FlickrSlide-FlickrSlideTests.release.xcconfig"; path = "Pods/Target Support Files/Pods-FlickrSlide-FlickrSlideTests/Pods-FlickrSlide-FlickrSlideTests.release.xcconfig"; sourceTree = "<group>"; };
		93875D91AE1D5BC61D29E296 /* Pods-FlickrSlide.debug.xcconfig */ = {isa = PBXFileReference; includeInIndex = 1; lastKnownFileType = text.xcconfig; name = "Pods-FlickrSlide.debug.xcconfig"; path = "Pods/Target Support Files/Pods-FlickrSlide/Pods-FlickrSlide.debug.xcconfig"; sourceTree = "<group>"; };
		B5DD6981FE4BA326BCBF7039 /* Pods_FlickrSlide.framework */ = {isa = PBXFileReference; explicitFileType = wrapper.framework; includeInIndex = 0; path = Pods_FlickrSlide.framework; sourceTree = BUILT_PRODUCTS_DIR; };
		FA3C40F2EF376D74B22700BE /* Pods-FlickrSlide.release.xcconfig */ = {isa = PBXFileReference; includeInIndex = 1; lastKnownFileType = text.xcconfig; name = "Pods-FlickrSlide.release.xcconfig"; path = "Pods/Target Support Files/Pods-FlickrSlide/Pods-FlickrSlide.release.xcconfig"; sourceTree = "<group>"; };
/* End PBXFileReference section */

/* Begin PBXFrameworksBuildPhase section */
		4F89088F1F04DC0600F838FB /* Frameworks */ = {
			isa = PBXFrameworksBuildPhase;
			buildActionMask = 2147483647;
			files = (
				9AAC9134B8B9DF85DD1AAA4F /* Pods_FlickrSlide.framework in Frameworks */,
			);
			runOnlyForDeploymentPostprocessing = 0;
		};
		4F8908A31F04DC0600F838FB /* Frameworks */ = {
			isa = PBXFrameworksBuildPhase;
			buildActionMask = 2147483647;
			files = (
				C42E656F127B9B6E953E64C5 /* Pods_FlickrSlide_FlickrSlideTests.framework in Frameworks */,
			);
			runOnlyForDeploymentPostprocessing = 0;
		};
		4F8908AE1F04DC0600F838FB /* Frameworks */ = {
			isa = PBXFrameworksBuildPhase;
			buildActionMask = 2147483647;
			files = (
			);
			runOnlyForDeploymentPostprocessing = 0;
		};
/* End PBXFrameworksBuildPhase section */

/* Begin PBXGroup section */
		167D469AFD03D4C42A3D022A /* Pods */ = {
			isa = PBXGroup;
			children = (
				93875D91AE1D5BC61D29E296 /* Pods-FlickrSlide.debug.xcconfig */,
				FA3C40F2EF376D74B22700BE /* Pods-FlickrSlide.release.xcconfig */,
				06B9B7BB130F7DFA53733B82 /* Pods-FlickrSlide-FlickrSlideTests.debug.xcconfig */,
				8F994A68A33A697739AD56A7 /* Pods-FlickrSlide-FlickrSlideTests.release.xcconfig */,
			);
			name = Pods;
			sourceTree = "<group>";
		};
		4F8908891F04DC0600F838FB = {
			isa = PBXGroup;
			children = (
				4F8908941F04DC0600F838FB /* FlickrSlide */,
				4F8908A91F04DC0600F838FB /* FlickrSlideTests */,
				4F8908B41F04DC0600F838FB /* FlickrSlideUITests */,
				4F8908931F04DC0600F838FB /* Products */,
				167D469AFD03D4C42A3D022A /* Pods */,
				DF87B94B7B03E7BD799C205D /* Frameworks */,
			);
			sourceTree = "<group>";
		};
		4F8908931F04DC0600F838FB /* Products */ = {
			isa = PBXGroup;
			children = (
				4F8908921F04DC0600F838FB /* FlickrSlide.app */,
				4F8908A61F04DC0600F838FB /* FlickrSlideTests.xctest */,
				4F8908B11F04DC0600F838FB /* FlickrSlideUITests.xctest */,
			);
			name = Products;
			sourceTree = "<group>";
		};
		4F8908941F04DC0600F838FB /* FlickrSlide */ = {
			isa = PBXGroup;
			children = (
				4FC7403A1F064BA7001121DA /* Resources */,
				4FC7402E1F04E324001121DA /* Helper */,
				4FC7402D1F04E315001121DA /* Common */,
				4FC740321F064355001121DA /* SliderGroup */,
				4F8908951F04DC0600F838FB /* AppDelegate.swift */,
				4F8908991F04DC0600F838FB /* Main.storyboard */,
				4F89089C1F04DC0600F838FB /* Assets.xcassets */,
				4F89089E1F04DC0600F838FB /* LaunchScreen.storyboard */,
				4F8908A11F04DC0600F838FB /* Info.plist */,
			);
			path = FlickrSlide;
			sourceTree = "<group>";
		};
		4F8908A91F04DC0600F838FB /* FlickrSlideTests */ = {
			isa = PBXGroup;
			children = (
				4F8908AA1F04DC0600F838FB /* FlickrSlideTests.swift */,
				4F8908AC1F04DC0600F838FB /* Info.plist */,
			);
			path = FlickrSlideTests;
			sourceTree = "<group>";
		};
		4F8908B41F04DC0600F838FB /* FlickrSlideUITests */ = {
			isa = PBXGroup;
			children = (
				4F8908B51F04DC0600F838FB /* FlickrSlideUITests.swift */,
				4F8908B71F04DC0600F838FB /* Info.plist */,
			);
			path = FlickrSlideUITests;
			sourceTree = "<group>";
		};
		4FC7402D1F04E315001121DA /* Common */ = {
			isa = PBXGroup;
			children = (
				4FC740441F090F3B001121DA /* Extension */,
				4FC740331F0643E5001121DA /* CustomController */,
			);
			name = Common;
			sourceTree = "<group>";
		};
		4FC7402E1F04E324001121DA /* Helper */ = {
			isa = PBXGroup;
			children = (
				4FC7402F1F04E65E001121DA /* RequestHelper.swift */,
				4FC740471F0A3145001121DA /* DateHelper.swift */,
			);
			name = Helper;
			sourceTree = "<group>";
		};
		4FC740321F064355001121DA /* SliderGroup */ = {
			isa = PBXGroup;
			children = (
				4F8908971F04DC0600F838FB /* ViewController.swift */,
				4FC740361F064A94001121DA /* SliderSetting.swift */,
			);
			name = SliderGroup;
			sourceTree = "<group>";
		};
		4FC740331F0643E5001121DA /* CustomController */ = {
			isa = PBXGroup;
			children = (
				4FC740341F0643FC001121DA /* CustomButton.swift */,
				4FC740401F064C18001121DA /* CustomLabel.swift */,
			);
			name = CustomController;
			sourceTree = "<group>";
		};
		4FC7403A1F064BA7001121DA /* Resources */ = {
			isa = PBXGroup;
			children = (
				4FC7403B1F064BAC001121DA /* Fonts */,
			);
			name = Resources;
			sourceTree = "<group>";
		};
		4FC7403B1F064BAC001121DA /* Fonts */ = {
			isa = PBXGroup;
			children = (
				4FC7403C1F064BD9001121DA /* SFText-Heavy.otf */,
				4FC7403D1F064BD9001121DA /* SFText-Regular.otf */,
			);
			name = Fonts;
			sourceTree = "<group>";
		};
		4FC740441F090F3B001121DA /* Extension */ = {
			isa = PBXGroup;
			children = (
				4F0CB24D1F0A451500E3AEF2 /* StringExtension.swift */,
			);
			name = Extension;
			sourceTree = "<group>";
		};
		DF87B94B7B03E7BD799C205D /* Frameworks */ = {
			isa = PBXGroup;
			children = (
				B5DD6981FE4BA326BCBF7039 /* Pods_FlickrSlide.framework */,
				37FD58BBE6F624DC035B7886 /* Pods_FlickrSlide_FlickrSlideTests.framework */,
			);
			name = Frameworks;
			sourceTree = "<group>";
		};
/* End PBXGroup section */

/* Begin PBXNativeTarget section */
		4F8908911F04DC0600F838FB /* FlickrSlide */ = {
			isa = PBXNativeTarget;
			buildConfigurationList = 4F8908BA1F04DC0600F838FB /* Build configuration list for PBXNativeTarget "FlickrSlide" */;
			buildPhases = (
				18A2382F443477E3D159B9A4 /* [CP] Check Pods Manifest.lock */,
				4F89088E1F04DC0600F838FB /* Sources */,
				4F89088F1F04DC0600F838FB /* Frameworks */,
				4F8908901F04DC0600F838FB /* Resources */,
				136254AA63DE6B67320AE4FF /* [CP] Embed Pods Frameworks */,
				343B61C5C6CD3619A300F536 /* [CP] Copy Pods Resources */,
			);
			buildRules = (
			);
			dependencies = (
			);
			name = FlickrSlide;
			productName = FlickrSlide;
			productReference = 4F8908921F04DC0600F838FB /* FlickrSlide.app */;
			productType = "com.apple.product-type.application";
		};
		4F8908A51F04DC0600F838FB /* FlickrSlideTests */ = {
			isa = PBXNativeTarget;
			buildConfigurationList = 4F8908BD1F04DC0600F838FB /* Build configuration list for PBXNativeTarget "FlickrSlideTests" */;
			buildPhases = (
				1BF43E0D116914A636E0DCD1 /* [CP] Check Pods Manifest.lock */,
				4F8908A21F04DC0600F838FB /* Sources */,
				4F8908A31F04DC0600F838FB /* Frameworks */,
				4F8908A41F04DC0600F838FB /* Resources */,
				6FCB0492FE3A5C72B7314641 /* [CP] Embed Pods Frameworks */,
				9BDA37570E1E3898F0C0BDCC /* [CP] Copy Pods Resources */,
			);
			buildRules = (
			);
			dependencies = (
				4F8908A81F04DC0600F838FB /* PBXTargetDependency */,
			);
			name = FlickrSlideTests;
			productName = FlickrSlideTests;
			productReference = 4F8908A61F04DC0600F838FB /* FlickrSlideTests.xctest */;
			productType = "com.apple.product-type.bundle.unit-test";
		};
		4F8908B01F04DC0600F838FB /* FlickrSlideUITests */ = {
			isa = PBXNativeTarget;
			buildConfigurationList = 4F8908C01F04DC0600F838FB /* Build configuration list for PBXNativeTarget "FlickrSlideUITests" */;
			buildPhases = (
				4F8908AD1F04DC0600F838FB /* Sources */,
				4F8908AE1F04DC0600F838FB /* Frameworks */,
				4F8908AF1F04DC0600F838FB /* Resources */,
			);
			buildRules = (
			);
			dependencies = (
				4F8908B31F04DC0600F838FB /* PBXTargetDependency */,
			);
			name = FlickrSlideUITests;
			productName = FlickrSlideUITests;
			productReference = 4F8908B11F04DC0600F838FB /* FlickrSlideUITests.xctest */;
			productType = "com.apple.product-type.bundle.ui-testing";
		};
/* End PBXNativeTarget section */

/* Begin PBXProject section */
		4F89088A1F04DC0600F838FB /* Project object */ = {
			isa = PBXProject;
			attributes = {
				LastSwiftUpdateCheck = 0830;
				LastUpgradeCheck = 0830;
				ORGANIZATIONNAME = Kilro;
				TargetAttributes = {
					4F8908911F04DC0600F838FB = {
						CreatedOnToolsVersion = 8.3.3;
						DevelopmentTeam = F72FNLS32K;
						ProvisioningStyle = Automatic;
					};
					4F8908A51F04DC0600F838FB = {
						CreatedOnToolsVersion = 8.3.3;
						DevelopmentTeam = F72FNLS32K;
						ProvisioningStyle = Automatic;
						TestTargetID = 4F8908911F04DC0600F838FB;
					};
					4F8908B01F04DC0600F838FB = {
						CreatedOnToolsVersion = 8.3.3;
						DevelopmentTeam = F72FNLS32K;
						ProvisioningStyle = Automatic;
						TestTargetID = 4F8908911F04DC0600F838FB;
					};
				};
			};
			buildConfigurationList = 4F89088D1F04DC0600F838FB /* Build configuration list for PBXProject "FlickrSlide" */;
			compatibilityVersion = "Xcode 3.2";
			developmentRegion = English;
			hasScannedForEncodings = 0;
			knownRegions = (
				en,
				Base,
			);
			mainGroup = 4F8908891F04DC0600F838FB;
			productRefGroup = 4F8908931F04DC0600F838FB /* Products */;
			projectDirPath = "";
			projectRoot = "";
			targets = (
				4F8908911F04DC0600F838FB /* FlickrSlide */,
				4F8908A51F04DC0600F838FB /* FlickrSlideTests */,
				4F8908B01F04DC0600F838FB /* FlickrSlideUITests */,
			);
		};
/* End PBXProject section */

/* Begin PBXResourcesBuildPhase section */
		4F8908901F04DC0600F838FB /* Resources */ = {
			isa = PBXResourcesBuildPhase;
			buildActionMask = 2147483647;
			files = (
				4F8908A01F04DC0600F838FB /* LaunchScreen.storyboard in Resources */,
				4F89089D1F04DC0600F838FB /* Assets.xcassets in Resources */,
				4FC7403F1F064BD9001121DA /* SFText-Regular.otf in Resources */,
				4F89089B1F04DC0600F838FB /* Main.storyboard in Resources */,
				4FC7403E1F064BD9001121DA /* SFText-Heavy.otf in Resources */,
			);
			runOnlyForDeploymentPostprocessing = 0;
		};
		4F8908A41F04DC0600F838FB /* Resources */ = {
			isa = PBXResourcesBuildPhase;
			buildActionMask = 2147483647;
			files = (
			);
			runOnlyForDeploymentPostprocessing = 0;
		};
		4F8908AF1F04DC0600F838FB /* Resources */ = {
			isa = PBXResourcesBuildPhase;
			buildActionMask = 2147483647;
			files = (
			);
			runOnlyForDeploymentPostprocessing = 0;
		};
/* End PBXResourcesBuildPhase section */

/* Begin PBXShellScriptBuildPhase section */
		136254AA63DE6B67320AE4FF /* [CP] Embed Pods Frameworks */ = {
			isa = PBXShellScriptBuildPhase;
			buildActionMask = 2147483647;
			files = (
			);
			inputPaths = (
			);
			name = "[CP] Embed Pods Frameworks";
			outputPaths = (
			);
			runOnlyForDeploymentPostprocessing = 0;
			shellPath = /bin/sh;
			shellScript = "\"${SRCROOT}/Pods/Target Support Files/Pods-FlickrSlide/Pods-FlickrSlide-frameworks.sh\"\n";
			showEnvVarsInLog = 0;
		};
		18A2382F443477E3D159B9A4 /* [CP] Check Pods Manifest.lock */ = {
			isa = PBXShellScriptBuildPhase;
			buildActionMask = 2147483647;
			files = (
			);
			inputPaths = (
			);
			name = "[CP] Check Pods Manifest.lock";
			outputPaths = (
			);
			runOnlyForDeploymentPostprocessing = 0;
			shellPath = /bin/sh;
			shellScript = "diff \"${PODS_PODFILE_DIR_PATH}/Podfile.lock\" \"${PODS_ROOT}/Manifest.lock\" > /dev/null\nif [ $? != 0 ] ; then\n    # print error to STDERR\n    echo \"error: The sandbox is not in sync with the Podfile.lock. Run 'pod install' or update your CocoaPods installation.\" >&2\n    exit 1\nfi\n";
			showEnvVarsInLog = 0;
		};
		1BF43E0D116914A636E0DCD1 /* [CP] Check Pods Manifest.lock */ = {
			isa = PBXShellScriptBuildPhase;
			buildActionMask = 2147483647;
			files = (
			);
			inputPaths = (
			);
			name = "[CP] Check Pods Manifest.lock";
			outputPaths = (
			);
			runOnlyForDeploymentPostprocessing = 0;
			shellPath = /bin/sh;
			shellScript = "diff \"${PODS_PODFILE_DIR_PATH}/Podfile.lock\" \"${PODS_ROOT}/Manifest.lock\" > /dev/null\nif [ $? != 0 ] ; then\n    # print error to STDERR\n    echo \"error: The sandbox is not in sync with the Podfile.lock. Run 'pod install' or update your CocoaPods installation.\" >&2\n    exit 1\nfi\n";
			showEnvVarsInLog = 0;
		};
		343B61C5C6CD3619A300F536 /* [CP] Copy Pods Resources */ = {
			isa = PBXShellScriptBuildPhase;
			buildActionMask = 2147483647;
			files = (
			);
			inputPaths = (
			);
			name = "[CP] Copy Pods Resources";
			outputPaths = (
			);
			runOnlyForDeploymentPostprocessing = 0;
			shellPath = /bin/sh;
			shellScript = "\"${SRCROOT}/Pods/Target Support Files/Pods-FlickrSlide/Pods-FlickrSlide-resources.sh\"\n";
			showEnvVarsInLog = 0;
		};
		6FCB0492FE3A5C72B7314641 /* [CP] Embed Pods Frameworks */ = {
			isa = PBXShellScriptBuildPhase;
			buildActionMask = 2147483647;
			files = (
			);
			inputPaths = (
			);
			name = "[CP] Embed Pods Frameworks";
			outputPaths = (
			);
			runOnlyForDeploymentPostprocessing = 0;
			shellPath = /bin/sh;
			shellScript = "\"${SRCROOT}/Pods/Target Support Files/Pods-FlickrSlide-FlickrSlideTests/Pods-FlickrSlide-FlickrSlideTests-frameworks.sh\"\n";
			showEnvVarsInLog = 0;
		};
		9BDA37570E1E3898F0C0BDCC /* [CP] Copy Pods Resources */ = {
			isa = PBXShellScriptBuildPhase;
			buildActionMask = 2147483647;
			files = (
			);
			inputPaths = (
			);
			name = "[CP] Copy Pods Resources";
			outputPaths = (
			);
			runOnlyForDeploymentPostprocessing = 0;
			shellPath = /bin/sh;
			shellScript = "\"${SRCROOT}/Pods/Target Support Files/Pods-FlickrSlide-FlickrSlideTests/Pods-FlickrSlide-FlickrSlideTests-resources.sh\"\n";
			showEnvVarsInLog = 0;
		};
/* End PBXShellScriptBuildPhase section */

/* Begin PBXSourcesBuildPhase section */
		4F89088E1F04DC0600F838FB /* Sources */ = {
			isa = PBXSourcesBuildPhase;
			buildActionMask = 2147483647;
			files = (
				4FC740351F0643FC001121DA /* CustomButton.swift in Sources */,
				4FC740411F064C18001121DA /* CustomLabel.swift in Sources */,
				4FC740301F04E65E001121DA /* RequestHelper.swift in Sources */,
				4F8908981F04DC0600F838FB /* ViewController.swift in Sources */,
				4F0CB24E1F0A451500E3AEF2 /* StringExtension.swift in Sources */,
				4FC740371F064A94001121DA /* SliderSetting.swift in Sources */,
				4FC740481F0A3145001121DA /* DateHelper.swift in Sources */,
				4F8908961F04DC0600F838FB /* AppDelegate.swift in Sources */,
			);
			runOnlyForDeploymentPostprocessing = 0;
		};
		4F8908A21F04DC0600F838FB /* Sources */ = {
			isa = PBXSourcesBuildPhase;
			buildActionMask = 2147483647;
			files = (
				4F8908AB1F04DC0600F838FB /* FlickrSlideTests.swift in Sources */,
			);
			runOnlyForDeploymentPostprocessing = 0;
		};
		4F8908AD1F04DC0600F838FB /* Sources */ = {
			isa = PBXSourcesBuildPhase;
			buildActionMask = 2147483647;
			files = (
				4F8908B61F04DC0600F838FB /* FlickrSlideUITests.swift in Sources */,
			);
			runOnlyForDeploymentPostprocessing = 0;
		};
/* End PBXSourcesBuildPhase section */

/* Begin PBXTargetDependency section */
		4F8908A81F04DC0600F838FB /* PBXTargetDependency */ = {
			isa = PBXTargetDependency;
			target = 4F8908911F04DC0600F838FB /* FlickrSlide */;
			targetProxy = 4F8908A71F04DC0600F838FB /* PBXContainerItemProxy */;
		};
		4F8908B31F04DC0600F838FB /* PBXTargetDependency */ = {
			isa = PBXTargetDependency;
			target = 4F8908911F04DC0600F838FB /* FlickrSlide */;
			targetProxy = 4F8908B21F04DC0600F838FB /* PBXContainerItemProxy */;
		};
/* End PBXTargetDependency section */

/* Begin PBXVariantGroup section */
		4F8908991F04DC0600F838FB /* Main.storyboard */ = {
			isa = PBXVariantGroup;
			children = (
				4F89089A1F04DC0600F838FB /* Base */,
			);
			name = Main.storyboard;
			sourceTree = "<group>";
		};
		4F89089E1F04DC0600F838FB /* LaunchScreen.storyboard */ = {
			isa = PBXVariantGroup;
			children = (
				4F89089F1F04DC0600F838FB /* Base */,
			);
			name = LaunchScreen.storyboard;
			sourceTree = "<group>";
		};
/* End PBXVariantGroup section */

/* Begin XCBuildConfiguration section */
		4F8908B81F04DC0600F838FB /* Debug */ = {
			isa = XCBuildConfiguration;
			buildSettings = {
				ALWAYS_SEARCH_USER_PATHS = NO;
				CLANG_ANALYZER_NONNULL = YES;
				CLANG_ANALYZER_NUMBER_OBJECT_CONVERSION = YES_AGGRESSIVE;
				CLANG_CXX_LANGUAGE_STANDARD = "gnu++0x";
				CLANG_CXX_LIBRARY = "libc++";
				CLANG_ENABLE_MODULES = YES;
				CLANG_ENABLE_OBJC_ARC = YES;
				CLANG_WARN_BOOL_CONVERSION = YES;
				CLANG_WARN_CONSTANT_CONVERSION = YES;
				CLANG_WARN_DIRECT_OBJC_ISA_USAGE = YES_ERROR;
				CLANG_WARN_DOCUMENTATION_COMMENTS = YES;
				CLANG_WARN_EMPTY_BODY = YES;
				CLANG_WARN_ENUM_CONVERSION = YES;
				CLANG_WARN_INFINITE_RECURSION = YES;
				CLANG_WARN_INT_CONVERSION = YES;
				CLANG_WARN_OBJC_ROOT_CLASS = YES_ERROR;
				CLANG_WARN_SUSPICIOUS_MOVE = YES;
				CLANG_WARN_UNREACHABLE_CODE = YES;
				CLANG_WARN__DUPLICATE_METHOD_MATCH = YES;
				"CODE_SIGN_IDENTITY[sdk=iphoneos*]" = "iPhone Developer";
				COPY_PHASE_STRIP = NO;
				DEBUG_INFORMATION_FORMAT = dwarf;
				ENABLE_STRICT_OBJC_MSGSEND = YES;
				ENABLE_TESTABILITY = YES;
				GCC_C_LANGUAGE_STANDARD = gnu99;
				GCC_DYNAMIC_NO_PIC = NO;
				GCC_NO_COMMON_BLOCKS = YES;
				GCC_OPTIMIZATION_LEVEL = 0;
				GCC_PREPROCESSOR_DEFINITIONS = (
					"DEBUG=1",
					"$(inherited)",
				);
				GCC_WARN_64_TO_32_BIT_CONVERSION = YES;
				GCC_WARN_ABOUT_RETURN_TYPE = YES_ERROR;
				GCC_WARN_UNDECLARED_SELECTOR = YES;
				GCC_WARN_UNINITIALIZED_AUTOS = YES_AGGRESSIVE;
				GCC_WARN_UNUSED_FUNCTION = YES;
				GCC_WARN_UNUSED_VARIABLE = YES;
				IPHONEOS_DEPLOYMENT_TARGET = 10.3;
				MTL_ENABLE_DEBUG_INFO = YES;
				ONLY_ACTIVE_ARCH = YES;
				SDKROOT = iphoneos;
				SWIFT_ACTIVE_COMPILATION_CONDITIONS = DEBUG;
				SWIFT_OPTIMIZATION_LEVEL = "-Onone";
				TARGETED_DEVICE_FAMILY = "1,2";
			};
			name = Debug;
		};
		4F8908B91F04DC0600F838FB /* Release */ = {
			isa = XCBuildConfiguration;
			buildSettings = {
				ALWAYS_SEARCH_USER_PATHS = NO;
				CLANG_ANALYZER_NONNULL = YES;
				CLANG_ANALYZER_NUMBER_OBJECT_CONVERSION = YES_AGGRESSIVE;
				CLANG_CXX_LANGUAGE_STANDARD = "gnu++0x";
				CLANG_CXX_LIBRARY = "libc++";
				CLANG_ENABLE_MODULES = YES;
				CLANG_ENABLE_OBJC_ARC = YES;
				CLANG_WARN_BOOL_CONVERSION = YES;
				CLANG_WARN_CONSTANT_CONVERSION = YES;
				CLANG_WARN_DIRECT_OBJC_ISA_USAGE = YES_ERROR;
				CLANG_WARN_DOCUMENTATION_COMMENTS = YES;
				CLANG_WARN_EMPTY_BODY = YES;
				CLANG_WARN_ENUM_CONVERSION = YES;
				CLANG_WARN_INFINITE_RECURSION = YES;
				CLANG_WARN_INT_CONVERSION = YES;
				CLANG_WARN_OBJC_ROOT_CLASS = YES_ERROR;
				CLANG_WARN_SUSPICIOUS_MOVE = YES;
				CLANG_WARN_UNREACHABLE_CODE = YES;
				CLANG_WARN__DUPLICATE_METHOD_MATCH = YES;
				"CODE_SIGN_IDENTITY[sdk=iphoneos*]" = "iPhone Developer";
				COPY_PHASE_STRIP = NO;
				DEBUG_INFORMATION_FORMAT = "dwarf-with-dsym";
				ENABLE_NS_ASSERTIONS = NO;
				ENABLE_STRICT_OBJC_MSGSEND = YES;
				GCC_C_LANGUAGE_STANDARD = gnu99;
				GCC_NO_COMMON_BLOCKS = YES;
				GCC_WARN_64_TO_32_BIT_CONVERSION = YES;
				GCC_WARN_ABOUT_RETURN_TYPE = YES_ERROR;
				GCC_WARN_UNDECLARED_SELECTOR = YES;
				GCC_WARN_UNINITIALIZED_AUTOS = YES_AGGRESSIVE;
				GCC_WARN_UNUSED_FUNCTION = YES;
				GCC_WARN_UNUSED_VARIABLE = YES;
				IPHONEOS_DEPLOYMENT_TARGET = 10.3;
				MTL_ENABLE_DEBUG_INFO = NO;
				SDKROOT = iphoneos;
				SWIFT_OPTIMIZATION_LEVEL = "-Owholemodule";
				TARGETED_DEVICE_FAMILY = "1,2";
				VALIDATE_PRODUCT = YES;
			};
			name = Release;
		};
		4F8908BB1F04DC0600F838FB /* Debug */ = {
			isa = XCBuildConfiguration;
			baseConfigurationReference = 93875D91AE1D5BC61D29E296 /* Pods-FlickrSlide.debug.xcconfig */;
			buildSettings = {
				ASSETCATALOG_COMPILER_APPICON_NAME = AppIcon;
				DEVELOPMENT_TEAM = F72FNLS32K;
				INFOPLIST_FILE = FlickrSlide/Info.plist;
				IPHONEOS_DEPLOYMENT_TARGET = 9.0;
				LD_RUNPATH_SEARCH_PATHS = "$(inherited) @executable_path/Frameworks";
				PRODUCT_BUNDLE_IDENTIFIER = kr.co.dfla.FlickrSlide;
				PRODUCT_NAME = "$(TARGET_NAME)";
				SWIFT_VERSION = 3.0;
			};
			name = Debug;
		};
		4F8908BC1F04DC0600F838FB /* Release */ = {
			isa = XCBuildConfiguration;
			baseConfigurationReference = FA3C40F2EF376D74B22700BE /* Pods-FlickrSlide.release.xcconfig */;
			buildSettings = {
				ASSETCATALOG_COMPILER_APPICON_NAME = AppIcon;
				DEVELOPMENT_TEAM = F72FNLS32K;
				INFOPLIST_FILE = FlickrSlide/Info.plist;
				IPHONEOS_DEPLOYMENT_TARGET = 9.0;
				LD_RUNPATH_SEARCH_PATHS = "$(inherited) @executable_path/Frameworks";
				PRODUCT_BUNDLE_IDENTIFIER = kr.co.dfla.FlickrSlide;
				PRODUCT_NAME = "$(TARGET_NAME)";
				SWIFT_VERSION = 3.0;
			};
			name = Release;
		};
		4F8908BE1F04DC0600F838FB /* Debug */ = {
			isa = XCBuildConfiguration;
			baseConfigurationReference = 06B9B7BB130F7DFA53733B82 /* Pods-FlickrSlide-FlickrSlideTests.debug.xcconfig */;
			buildSettings = {
				ALWAYS_EMBED_SWIFT_STANDARD_LIBRARIES = YES;
				BUNDLE_LOADER = "$(TEST_HOST)";
				DEVELOPMENT_TEAM = F72FNLS32K;
				INFOPLIST_FILE = FlickrSlideTests/Info.plist;
				LD_RUNPATH_SEARCH_PATHS = "$(inherited) @executable_path/Frameworks @loader_path/Frameworks";
				PRODUCT_BUNDLE_IDENTIFIER = kr.co.dfla.FlickrSlideTests;
				PRODUCT_NAME = "$(TARGET_NAME)";
				SWIFT_VERSION = 3.0;
				TEST_HOST = "$(BUILT_PRODUCTS_DIR)/FlickrSlide.app/FlickrSlide";
			};
			name = Debug;
		};
		4F8908BF1F04DC0600F838FB /* Release */ = {
			isa = XCBuildConfiguration;
			baseConfigurationReference = 8F994A68A33A697739AD56A7 /* Pods-FlickrSlide-FlickrSlideTests.release.xcconfig */;
			buildSettings = {
				ALWAYS_EMBED_SWIFT_STANDARD_LIBRARIES = YES;
				BUNDLE_LOADER = "$(TEST_HOST)";
				DEVELOPMENT_TEAM = F72FNLS32K;
				INFOPLIST_FILE = FlickrSlideTests/Info.plist;
				LD_RUNPATH_SEARCH_PATHS = "$(inherited) @executable_path/Frameworks @loader_path/Frameworks";
				PRODUCT_BUNDLE_IDENTIFIER = kr.co.dfla.FlickrSlideTests;
				PRODUCT_NAME = "$(TARGET_NAME)";
				SWIFT_VERSION = 3.0;
				TEST_HOST = "$(BUILT_PRODUCTS_DIR)/FlickrSlide.app/FlickrSlide";
			};
			name = Release;
		};
		4F8908C11F04DC0600F838FB /* Debug */ = {
			isa = XCBuildConfiguration;
			buildSettings = {
				ALWAYS_EMBED_SWIFT_STANDARD_LIBRARIES = YES;
				DEVELOPMENT_TEAM = F72FNLS32K;
				INFOPLIST_FILE = FlickrSlideUITests/Info.plist;
				LD_RUNPATH_SEARCH_PATHS = "$(inherited) @executable_path/Frameworks @loader_path/Frameworks";
				PRODUCT_BUNDLE_IDENTIFIER = kr.co.dfla.FlickrSlideUITests;
				PRODUCT_NAME = "$(TARGET_NAME)";
				SWIFT_VERSION = 3.0;
				TEST_TARGET_NAME = FlickrSlide;
			};
			name = Debug;
		};
		4F8908C21F04DC0600F838FB /* Release */ = {
			isa = XCBuildConfiguration;
			buildSettings = {
				ALWAYS_EMBED_SWIFT_STANDARD_LIBRARIES = YES;
				DEVELOPMENT_TEAM = F72FNLS32K;
				INFOPLIST_FILE = FlickrSlideUITests/Info.plist;
				LD_RUNPATH_SEARCH_PATHS = "$(inherited) @executable_path/Frameworks @loader_path/Frameworks";
				PRODUCT_BUNDLE_IDENTIFIER = kr.co.dfla.FlickrSlideUITests;
				PRODUCT_NAME = "$(TARGET_NAME)";
				SWIFT_VERSION = 3.0;
				TEST_TARGET_NAME = FlickrSlide;
			};
			name = Release;
		};
/* End XCBuildConfiguration section */

/* Begin XCConfigurationList section */
		4F89088D1F04DC0600F838FB /* Build configuration list for PBXProject "FlickrSlide" */ = {
			isa = XCConfigurationList;
			buildConfigurations = (
				4F8908B81F04DC0600F838FB /* Debug */,
				4F8908B91F04DC0600F838FB /* Release */,
			);
			defaultConfigurationIsVisible = 0;
			defaultConfigurationName = Release;
		};
		4F8908BA1F04DC0600F838FB /* Build configuration list for PBXNativeTarget "FlickrSlide" */ = {
			isa = XCConfigurationList;
			buildConfigurations = (
				4F8908BB1F04DC0600F838FB /* Debug */,
				4F8908BC1F04DC0600F838FB /* Release */,
			);
			defaultConfigurationIsVisible = 0;
			defaultConfigurationName = Release;
		};
		4F8908BD1F04DC0600F838FB /* Build configuration list for PBXNativeTarget "FlickrSlideTests" */ = {
			isa = XCConfigurationList;
			buildConfigurations = (
				4F8908BE1F04DC0600F838FB /* Debug */,
				4F8908BF1F04DC0600F838FB /* Release */,
			);
			defaultConfigurationIsVisible = 0;
			defaultConfigurationName = Release;
		};
		4F8908C01F04DC0600F838FB /* Build configuration list for PBXNativeTarget "FlickrSlideUITests" */ = {
			isa = XCConfigurationList;
			buildConfigurations = (
				4F8908C11F04DC0600F838FB /* Debug */,
				4F8908C21F04DC0600F838FB /* Release */,
			);
			defaultConfigurationIsVisible = 0;
			defaultConfigurationName = Release;
		};
/* End XCConfigurationList section */
	};
	rootObject = 4F89088A1F04DC0600F838FB /* Project object */;
}
